
Microsoft Visual Studio Solution File, Format Version 12.00
# Visual Studio Version 17
VisualStudioVersion = 17.14.36429.23 d17.14
MinimumVisualStudioVersion = 10.0.40219.1
Project("{FAE04EC0-301F-11D3-BF4B-00C04F79EFBC}") = "SurgiTech", "SurgiTech.csproj", "{71868345-A4FE-4C15-93F2-77A6D8E18285}"
EndProject
Global
	GlobalSection(SolutionConfigurationPlatforms) = preSolution
		Debug|Any CPU = Debug|Any CPU
		Release|Any CPU = Release|Any CPU
	EndGlobalSection
	GlobalSection(ProjectConfigurationPlatforms) = postSolution
		{71868345-A4FE-4C15-93F2-77A6D8E18285}.Debug|Any CPU.ActiveCfg = Debug|Any CPU
		{71868345-A4FE-4C15-93F2-77A6D8E18285}.Debug|Any CPU.Build.0 = Debug|Any CPU
		{71868345-A4FE-4C15-93F2-77A6D8E18285}.Release|Any CPU.ActiveCfg = Release|Any CPU
		{71868345-A4FE-4C15-93F2-77A6D8E18285}.Release|Any CPU.Build.0 = Release|Any CPU
	EndGlobalSection
	GlobalSection(SolutionProperties) = preSolution
		HideSolutionNode = FALSE
	EndGlobalSection
	GlobalSection(ExtensibilityGlobals) = postSolution
		SolutionGuid = {A44B2E01-24E3-4F2F-9EDF-92F6B44E96F2}
	EndGlobalSection
EndGlobal
